
Microsoft Visual Studio Solution File, Format Version 12.00
# Visual Studio Version 17
VisualStudioVersion = 17.0.31903.59
MinimumVisualStudioVersion = 10.0.40219.1
Project("{FAE04EC0-301F-11D3-BF4B-00C04F79EFBC}") = "Day01", "Day01\Day01.csproj", "{DF532112-9566-4E38-8758-CBF887E69A84}"
EndProject
Project("{FAE04EC0-301F-11D3-BF4B-00C04F79EFBC}") = "Day02", "Day02\Day02.csproj", "{67209061-7DA3-4154-A056-E90B649CFDF5}"
EndProject
Project("{FAE04EC0-301F-11D3-BF4B-00C04F79EFBC}") = "Day03", "Day03\Day03.csproj", "{905EECAF-E342-4BE1-BE6D-32EB7CDEDA9D}"
EndProject
Project("{FAE04EC0-301F-11D3-BF4B-00C04F79EFBC}") = "Day04", "Day04\Day04.csproj", "{E319AA36-15DA-4EAA-87B9-1F7E20EB7904}"
EndProject
Project("{FAE04EC0-301F-11D3-BF4B-00C04F79EFBC}") = "Day05", "Day05\Day05.csproj", "{ECE0DBAB-E68A-4D3A-B4BB-52389F246E4D}"
EndProject
Global
	GlobalSection(SolutionProperties) = preSolution
		HideSolutionNode = FALSE
	EndGlobalSection
	GlobalSection(SolutionConfigurationPlatforms) = preSolution
		Debug|Any CPU = Debug|Any CPU
		Debug|x64 = Debug|x64
		Debug|x86 = Debug|x86
		Release|Any CPU = Release|Any CPU
		Release|x64 = Release|x64
		Release|x86 = Release|x86
	EndGlobalSection
	GlobalSection(ProjectConfigurationPlatforms) = postSolution
		{DF532112-9566-4E38-8758-CBF887E69A84}.Debug|Any CPU.ActiveCfg = Debug|Any CPU
		{DF532112-9566-4E38-8758-CBF887E69A84}.Debug|Any CPU.Build.0 = Debug|Any CPU
		{DF532112-9566-4E38-8758-CBF887E69A84}.Debug|x64.ActiveCfg = Debug|Any CPU
		{DF532112-9566-4E38-8758-CBF887E69A84}.Debug|x64.Build.0 = Debug|Any CPU
		{DF532112-9566-4E38-8758-CBF887E69A84}.Debug|x86.ActiveCfg = Debug|Any CPU
		{DF532112-9566-4E38-8758-CBF887E69A84}.Debug|x86.Build.0 = Debug|Any CPU
		{DF532112-9566-4E38-8758-CBF887E69A84}.Release|Any CPU.ActiveCfg = Release|Any CPU
		{DF532112-9566-4E38-8758-CBF887E69A84}.Release|Any CPU.Build.0 = Release|Any CPU
		{DF532112-9566-4E38-8758-CBF887E69A84}.Release|x64.ActiveCfg = Release|Any CPU
		{DF532112-9566-4E38-8758-CBF887E69A84}.Release|x64.Build.0 = Release|Any CPU
		{DF532112-9566-4E38-8758-CBF887E69A84}.Release|x86.ActiveCfg = Release|Any CPU
		{DF532112-9566-4E38-8758-CBF887E69A84}.Release|x86.Build.0 = Release|Any CPU
		{67209061-7DA3-4154-A056-E90B649CFDF5}.Debug|Any CPU.ActiveCfg = Debug|Any CPU
		{67209061-7DA3-4154-A056-E90B649CFDF5}.Debug|Any CPU.Build.0 = Debug|Any CPU
		{67209061-7DA3-4154-A056-E90B649CFDF5}.Debug|x64.ActiveCfg = Debug|Any CPU
		{67209061-7DA3-4154-A056-E90B649CFDF5}.Debug|x64.Build.0 = Debug|Any CPU
		{67209061-7DA3-4154-A056-E90B649CFDF5}.Debug|x86.ActiveCfg = Debug|Any CPU
		{67209061-7DA3-4154-A056-E90B649CFDF5}.Debug|x86.Build.0 = Debug|Any CPU
		{67209061-7DA3-4154-A056-E90B649CFDF5}.Release|Any CPU.ActiveCfg = Release|Any CPU
		{67209061-7DA3-4154-A056-E90B649CFDF5}.Release|Any CPU.Build.0 = Release|Any CPU
		{67209061-7DA3-4154-A056-E90B649CFDF5}.Release|x64.ActiveCfg = Release|Any CPU
		{67209061-7DA3-4154-A056-E90B649CFDF5}.Release|x64.Build.0 = Release|Any CPU
		{67209061-7DA3-4154-A056-E90B649CFDF5}.Release|x86.ActiveCfg = Release|Any CPU
		{67209061-7DA3-4154-A056-E90B649CFDF5}.Release|x86.Build.0 = Release|Any CPU
		{905EECAF-E342-4BE1-BE6D-32EB7CDEDA9D}.Debug|Any CPU.ActiveCfg = Debug|Any CPU
		{905EECAF-E342-4BE1-BE6D-32EB7CDEDA9D}.Debug|Any CPU.Build.0 = Debug|Any CPU
		{905EECAF-E342-4BE1-BE6D-32EB7CDEDA9D}.Debug|x64.ActiveCfg = Debug|Any CPU
		{905EECAF-E342-4BE1-BE6D-32EB7CDEDA9D}.Debug|x64.Build.0 = Debug|Any CPU
		{905EECAF-E342-4BE1-BE6D-32EB7CDEDA9D}.Debug|x86.ActiveCfg = Debug|Any CPU
		{905EECAF-E342-4BE1-BE6D-32EB7CDEDA9D}.Debug|x86.Build.0 = Debug|Any CPU
		{905EECAF-E342-4BE1-BE6D-32EB7CDEDA9D}.Release|Any CPU.ActiveCfg = Release|Any CPU
		{905EECAF-E342-4BE1-BE6D-32EB7CDEDA9D}.Release|Any CPU.Build.0 = Release|Any CPU
		{905EECAF-E342-4BE1-BE6D-32EB7CDEDA9D}.Release|x64.ActiveCfg = Release|Any CPU
		{905EECAF-E342-4BE1-BE6D-32EB7CDEDA9D}.Release|x64.Build.0 = Release|Any CPU
		{905EECAF-E342-4BE1-BE6D-32EB7CDEDA9D}.Release|x86.ActiveCfg = Release|Any CPU
		{905EECAF-E342-4BE1-BE6D-32EB7CDEDA9D}.Release|x86.Build.0 = Release|Any CPU
		{E319AA36-15DA-4EAA-87B9-1F7E20EB7904}.Debug|Any CPU.ActiveCfg = Debug|Any CPU
		{E319AA36-15DA-4EAA-87B9-1F7E20EB7904}.Debug|Any CPU.Build.0 = Debug|Any CPU
		{E319AA36-15DA-4EAA-87B9-1F7E20EB7904}.Debug|x64.ActiveCfg = Debug|Any CPU
		{E319AA36-15DA-4EAA-87B9-1F7E20EB7904}.Debug|x64.Build.0 = Debug|Any CPU
		{E319AA36-15DA-4EAA-87B9-1F7E20EB7904}.Debug|x86.ActiveCfg = Debug|Any CPU
		{E319AA36-15DA-4EAA-87B9-1F7E20EB7904}.Debug|x86.Build.0 = Debug|Any CPU
		{E319AA36-15DA-4EAA-87B9-1F7E20EB7904}.Release|Any CPU.ActiveCfg = Release|Any CPU
		{E319AA36-15DA-4EAA-87B9-1F7E20EB7904}.Release|Any CPU.Build.0 = Release|Any CPU
		{E319AA36-15DA-4EAA-87B9-1F7E20EB7904}.Release|x64.ActiveCfg = Release|Any CPU
		{E319AA36-15DA-4EAA-87B9-1F7E20EB7904}.Release|x64.Build.0 = Release|Any CPU
		{E319AA36-15DA-4EAA-87B9-1F7E20EB7904}.Release|x86.ActiveCfg = Release|Any CPU
		{E319AA36-15DA-4EAA-87B9-1F7E20EB7904}.Release|x86.Build.0 = Release|Any CPU
		{ECE0DBAB-E68A-4D3A-B4BB-52389F246E4D}.Debug|Any CPU.ActiveCfg = Debug|Any CPU
		{ECE0DBAB-E68A-4D3A-B4BB-52389F246E4D}.Debug|Any CPU.Build.0 = Debug|Any CPU
		{ECE0DBAB-E68A-4D3A-B4BB-52389F246E4D}.Debug|x64.ActiveCfg = Debug|Any CPU
		{ECE0DBAB-E68A-4D3A-B4BB-52389F246E4D}.Debug|x64.Build.0 = Debug|Any CPU
		{ECE0DBAB-E68A-4D3A-B4BB-52389F246E4D}.Debug|x86.ActiveCfg = Debug|Any CPU
		{ECE0DBAB-E68A-4D3A-B4BB-52389F246E4D}.Debug|x86.Build.0 = Debug|Any CPU
		{ECE0DBAB-E68A-4D3A-B4BB-52389F246E4D}.Release|Any CPU.ActiveCfg = Release|Any CPU
		{ECE0DBAB-E68A-4D3A-B4BB-52389F246E4D}.Release|Any CPU.Build.0 = Release|Any CPU
		{ECE0DBAB-E68A-4D3A-B4BB-52389F246E4D}.Release|x64.ActiveCfg = Release|Any CPU
		{ECE0DBAB-E68A-4D3A-B4BB-52389F246E4D}.Release|x64.Build.0 = Release|Any CPU
		{ECE0DBAB-E68A-4D3A-B4BB-52389F246E4D}.Release|x86.ActiveCfg = Release|Any CPU
		{ECE0DBAB-E68A-4D3A-B4BB-52389F246E4D}.Release|x86.Build.0 = Release|Any CPU
	EndGlobalSection
EndGlobal
