
Microsoft Visual Studio Solution File, Format Version 12.00
# Visual Studio Version 17
VisualStudioVersion = 17.0.31903.59
MinimumVisualStudioVersion = 10.0.40219.1
Project("{FAE04EC0-301F-11D3-BF4B-00C04F79EFBC}") = "Day01", "Day01\Day01.csproj", "{9443414C-CD66-41E5-A7C4-D9A9BC401CEE}"
EndProject
Project("{FAE04EC0-301F-11D3-BF4B-00C04F79EFBC}") = "Day02", "Day02\Day02.csproj", "{685226C7-029B-4680-892F-6CA6F9BB9DBB}"
EndProject
Project("{FAE04EC0-301F-11D3-BF4B-00C04F79EFBC}") = "Day03", "Day03\Day03.csproj", "{A5CBDD04-86B4-4EE3-AFEB-760EC8EC1CBC}"
EndProject
Project("{FAE04EC0-301F-11D3-BF4B-00C04F79EFBC}") = "Day04", "Day04\Day04.csproj", "{F901563C-4AE3-42C7-8CDA-E3C46DE40187}"
EndProject
Project("{FAE04EC0-301F-11D3-BF4B-00C04F79EFBC}") = "Day05", "Day05\Day05.csproj", "{C72ACF4E-C4F3-420D-8B41-B09ED7A520E2}"
EndProject
Project("{FAE04EC0-301F-11D3-BF4B-00C04F79EFBC}") = "Day06", "Day06\Day06.csproj", "{D940FFA1-C291-44B8-8761-690EE2D701BF}"
EndProject
Project("{FAE04EC0-301F-11D3-BF4B-00C04F79EFBC}") = "Day07", "Day07\Day07.csproj", "{5AB3A338-D6E8-453A-A37E-B1D7B76CCF01}"
EndProject
Global
	GlobalSection(SolutionConfigurationPlatforms) = preSolution
		Debug|Any CPU = Debug|Any CPU
		Release|Any CPU = Release|Any CPU
	EndGlobalSection
	GlobalSection(SolutionProperties) = preSolution
		HideSolutionNode = FALSE
	EndGlobalSection
	GlobalSection(ProjectConfigurationPlatforms) = postSolution
		{9443414C-CD66-41E5-A7C4-D9A9BC401CEE}.Debug|Any CPU.ActiveCfg = Debug|Any CPU
		{9443414C-CD66-41E5-A7C4-D9A9BC401CEE}.Debug|Any CPU.Build.0 = Debug|Any CPU
		{9443414C-CD66-41E5-A7C4-D9A9BC401CEE}.Release|Any CPU.ActiveCfg = Release|Any CPU
		{9443414C-CD66-41E5-A7C4-D9A9BC401CEE}.Release|Any CPU.Build.0 = Release|Any CPU
		{685226C7-029B-4680-892F-6CA6F9BB9DBB}.Debug|Any CPU.ActiveCfg = Debug|Any CPU
		{685226C7-029B-4680-892F-6CA6F9BB9DBB}.Debug|Any CPU.Build.0 = Debug|Any CPU
		{685226C7-029B-4680-892F-6CA6F9BB9DBB}.Release|Any CPU.ActiveCfg = Release|Any CPU
		{685226C7-029B-4680-892F-6CA6F9BB9DBB}.Release|Any CPU.Build.0 = Release|Any CPU
		{A5CBDD04-86B4-4EE3-AFEB-760EC8EC1CBC}.Debug|Any CPU.ActiveCfg = Debug|Any CPU
		{A5CBDD04-86B4-4EE3-AFEB-760EC8EC1CBC}.Debug|Any CPU.Build.0 = Debug|Any CPU
		{A5CBDD04-86B4-4EE3-AFEB-760EC8EC1CBC}.Release|Any CPU.ActiveCfg = Release|Any CPU
		{A5CBDD04-86B4-4EE3-AFEB-760EC8EC1CBC}.Release|Any CPU.Build.0 = Release|Any CPU
		{F901563C-4AE3-42C7-8CDA-E3C46DE40187}.Debug|Any CPU.ActiveCfg = Debug|Any CPU
		{F901563C-4AE3-42C7-8CDA-E3C46DE40187}.Debug|Any CPU.Build.0 = Debug|Any CPU
		{F901563C-4AE3-42C7-8CDA-E3C46DE40187}.Release|Any CPU.ActiveCfg = Release|Any CPU
		{F901563C-4AE3-42C7-8CDA-E3C46DE40187}.Release|Any CPU.Build.0 = Release|Any CPU
		{C72ACF4E-C4F3-420D-8B41-B09ED7A520E2}.Debug|Any CPU.ActiveCfg = Debug|Any CPU
		{C72ACF4E-C4F3-420D-8B41-B09ED7A520E2}.Debug|Any CPU.Build.0 = Debug|Any CPU
		{C72ACF4E-C4F3-420D-8B41-B09ED7A520E2}.Release|Any CPU.ActiveCfg = Release|Any CPU
		{C72ACF4E-C4F3-420D-8B41-B09ED7A520E2}.Release|Any CPU.Build.0 = Release|Any CPU
		{D940FFA1-C291-44B8-8761-690EE2D701BF}.Debug|Any CPU.ActiveCfg = Debug|Any CPU
		{D940FFA1-C291-44B8-8761-690EE2D701BF}.Debug|Any CPU.Build.0 = Debug|Any CPU
		{D940FFA1-C291-44B8-8761-690EE2D701BF}.Release|Any CPU.ActiveCfg = Release|Any CPU
		{D940FFA1-C291-44B8-8761-690EE2D701BF}.Release|Any CPU.Build.0 = Release|Any CPU
		{5AB3A338-D6E8-453A-A37E-B1D7B76CCF01}.Debug|Any CPU.ActiveCfg = Debug|Any CPU
		{5AB3A338-D6E8-453A-A37E-B1D7B76CCF01}.Debug|Any CPU.Build.0 = Debug|Any CPU
		{5AB3A338-D6E8-453A-A37E-B1D7B76CCF01}.Release|Any CPU.ActiveCfg = Release|Any CPU
		{5AB3A338-D6E8-453A-A37E-B1D7B76CCF01}.Release|Any CPU.Build.0 = Release|Any CPU
	EndGlobalSection
EndGlobal
